
Microsoft Visual Studio Solution File, Format Version 12.00
# Visual Studio 2013
VisualStudioVersion = 12.0.30501.0
MinimumVisualStudioVersion = 10.0.40219.1
Project("{FAE04EC0-301F-11D3-BF4B-00C04F79EFBC}") = "Json_In_POST", "Json_In_MVC\Json_In_POST.csproj", "{5D106EC7-ADF2-42C2-ADBE-D892772B30F7}"
EndProject
Project("{FAE04EC0-301F-11D3-BF4B-00C04F79EFBC}") = "Json_GET", "Json_GET\Json_GET.csproj", "{AA1A1412-0523-4D87-8C42-FDBE25450331}"
EndProject
Project("{FAE04EC0-301F-11D3-BF4B-00C04F79EFBC}") = "Json_DropDownList_Example", "Json_DropDownList_Example\Json_DropDownList_Example.csproj", "{1C3816D2-293B-40E3-86C2-B1404339111C}"
EndProject
Project("{FAE04EC0-301F-11D3-BF4B-00C04F79EFBC}") = "MVC_POST_Part2", "MVC-POST-Part2\MVC_POST_Part2.csproj", "{69041C0C-C1B7-424E-9B52-5CE4BC5E45B7}"
EndProject
Global
	GlobalSection(SolutionConfigurationPlatforms) = preSolution
		Debug|Any CPU = Debug|Any CPU
		Release|Any CPU = Release|Any CPU
	EndGlobalSection
	GlobalSection(ProjectConfigurationPlatforms) = postSolution
		{5D106EC7-ADF2-42C2-ADBE-D892772B30F7}.Debug|Any CPU.ActiveCfg = Debug|Any CPU
		{5D106EC7-ADF2-42C2-ADBE-D892772B30F7}.Debug|Any CPU.Build.0 = Debug|Any CPU
		{5D106EC7-ADF2-42C2-ADBE-D892772B30F7}.Release|Any CPU.ActiveCfg = Release|Any CPU
		{5D106EC7-ADF2-42C2-ADBE-D892772B30F7}.Release|Any CPU.Build.0 = Release|Any CPU
		{AA1A1412-0523-4D87-8C42-FDBE25450331}.Debug|Any CPU.ActiveCfg = Debug|Any CPU
		{AA1A1412-0523-4D87-8C42-FDBE25450331}.Debug|Any CPU.Build.0 = Debug|Any CPU
		{AA1A1412-0523-4D87-8C42-FDBE25450331}.Release|Any CPU.ActiveCfg = Release|Any CPU
		{AA1A1412-0523-4D87-8C42-FDBE25450331}.Release|Any CPU.Build.0 = Release|Any CPU
		{1C3816D2-293B-40E3-86C2-B1404339111C}.Debug|Any CPU.ActiveCfg = Debug|Any CPU
		{1C3816D2-293B-40E3-86C2-B1404339111C}.Debug|Any CPU.Build.0 = Debug|Any CPU
		{1C3816D2-293B-40E3-86C2-B1404339111C}.Release|Any CPU.ActiveCfg = Release|Any CPU
		{1C3816D2-293B-40E3-86C2-B1404339111C}.Release|Any CPU.Build.0 = Release|Any CPU
		{69041C0C-C1B7-424E-9B52-5CE4BC5E45B7}.Debug|Any CPU.ActiveCfg = Debug|Any CPU
		{69041C0C-C1B7-424E-9B52-5CE4BC5E45B7}.Debug|Any CPU.Build.0 = Debug|Any CPU
		{69041C0C-C1B7-424E-9B52-5CE4BC5E45B7}.Release|Any CPU.ActiveCfg = Release|Any CPU
		{69041C0C-C1B7-424E-9B52-5CE4BC5E45B7}.Release|Any CPU.Build.0 = Release|Any CPU
	EndGlobalSection
	GlobalSection(SolutionProperties) = preSolution
		HideSolutionNode = FALSE
	EndGlobalSection
EndGlobal
